Microsoft Visual Studio Solution File, Format Version 12.00
# Visual Studio Version 17
VisualStudioVersion = 17.5.2.0
MinimumVisualStudioVersion = 10.0.40219.1
Project("{FAE04EC0-301F-11D3-BF4B-00C04F79EFBC}") = "sokoban-for-kontur", "sokoban-for-kontur.csproj", "{4F731896-8A76-2231-9C16-E4D4A93E9CA6}"
EndProject
Project("{FAE04EC0-301F-11D3-BF4B-00C04F79EFBC}") = "SocobanLevels", "SocobanLevels\SocobanLevels.csproj", "{5128FD3A-8C3A-7804-DD62-AFD3385747E2}"
EndProject
Global
	GlobalSection(SolutionConfigurationPlatforms) = preSolution
		Debug|Any CPU = Debug|Any CPU
		Release|Any CPU = Release|Any CPU
	EndGlobalSection
	GlobalSection(ProjectConfigurationPlatforms) = postSolution
		{4F731896-8A76-2231-9C16-E4D4A93E9CA6}.Debug|Any CPU.ActiveCfg = Debug|Any CPU
		{4F731896-8A76-2231-9C16-E4D4A93E9CA6}.Debug|Any CPU.Build.0 = Debug|Any CPU
		{4F731896-8A76-2231-9C16-E4D4A93E9CA6}.Release|Any CPU.ActiveCfg = Release|Any CPU
		{4F731896-8A76-2231-9C16-E4D4A93E9CA6}.Release|Any CPU.Build.0 = Release|Any CPU
		{5128FD3A-8C3A-7804-DD62-AFD3385747E2}.Debug|Any CPU.ActiveCfg = Debug|Any CPU
		{5128FD3A-8C3A-7804-DD62-AFD3385747E2}.Debug|Any CPU.Build.0 = Debug|Any CPU
		{5128FD3A-8C3A-7804-DD62-AFD3385747E2}.Release|Any CPU.ActiveCfg = Release|Any CPU
		{5128FD3A-8C3A-7804-DD62-AFD3385747E2}.Release|Any CPU.Build.0 = Release|Any CPU
	EndGlobalSection
	GlobalSection(SolutionProperties) = preSolution
		HideSolutionNode = FALSE
	EndGlobalSection
	GlobalSection(ExtensibilityGlobals) = postSolution
		SolutionGuid = {B463C13E-DF30-41DC-A490-46C8300763E2}
	EndGlobalSection
EndGlobal
